
Microsoft Visual Studio Solution File, Format Version 12.00
# Visual Studio Version 16
VisualStudioVersion = 16.0.29306.81
MinimumVisualStudioVersion = 10.0.40219.1
Project("{FAE04EC0-301F-11D3-BF4B-00C04F79EFBC}") = "FrotaVeiculoPim", "FrotaVeiculoPim\FrotaVeiculoPim.csproj", "{3A1A570F-CE8F-4BD9-B1DF-4FADF8F00FAB}"
EndProject
Project("{FAE04EC0-301F-11D3-BF4B-00C04F79EFBC}") = "ControleDePecas", "ControleDePecas\ControleDePecas.csproj", "{F4E58C19-BA16-4BDA-8868-D7357B4110F3}"
EndProject
Project("{2150E333-8FDC-42A3-9474-1A3956D46DE8}") = "Solution Items", "Solution Items", "{605701B9-67E9-4921-9D1C-090FB4E42B37}"
EndProject
Project("{FAE04EC0-301F-11D3-BF4B-00C04F79EFBC}") = "CurrencyTextBoxControl", "CurrencyTextBoxControl\CurrencyTextBoxControl.csproj", "{144A2EE7-09EC-4618-BA94-6593205962C9}"
EndProject
Project("{FAE04EC0-301F-11D3-BF4B-00C04F79EFBC}") = "ControleMulta", "ControleMulta\ControleMulta.csproj", "{C044A2FE-4C0C-4BA9-A340-BB45125D8610}"
EndProject
Project("{FAE04EC0-301F-11D3-BF4B-00C04F79EFBC}") = "ModuloSeguro", "ModuloSeguro\ModuloSeguro\ModuloSeguro.csproj", "{0260AB9E-DA99-4A57-ABF1-D772A9F504A4}"
EndProject
Project("{FAE04EC0-301F-11D3-BF4B-00C04F79EFBC}") = "ModViagem", "ModViagem\ModViagem.csproj", "{4BE8E0D1-77A4-4BAF-B761-156A52850D75}"
EndProject
Project("{FAE04EC0-301F-11D3-BF4B-00C04F79EFBC}") = "ControleAbastecimento", "ControleAbastecimento\ControleAbastecimento.csproj", "{B8771C6D-31D7-4F6D-81AF-F6BD4FA5B975}"
EndProject
Project("{FAE04EC0-301F-11D3-BF4B-00C04F79EFBC}") = "ControleVeiculo", "ControleVeiculo\ControleVeiculo.csproj", "{B01097B8-8A7A-4B26-B034-4C5920999A21}"
EndProject
Project("{FAE04EC0-301F-11D3-BF4B-00C04F79EFBC}") = "ControllerMotorista", "ControllerMotorista\ControllerMotorista.csproj", "{126272EA-7DC6-44BA-A727-96EA8671E9AD}"
EndProject
Project("{FAE04EC0-301F-11D3-BF4B-00C04F79EFBC}") = "ControleManutencao", "ControleManutencao\ControleManutencao.csproj", "{1E142B5D-AEAC-4F2B-91A9-42CB21CADAFB}"
EndProject
Project("{54435603-DBB4-11D2-8724-00A0C9A8B90C}") = "Setup", "Setup\Setup.vdproj", "{862AA833-EE26-4D02-A54D-3AAFBB18EB35}"
EndProject
Global
	GlobalSection(SolutionConfigurationPlatforms) = preSolution
		Debug|Any CPU = Debug|Any CPU
		Release|Any CPU = Release|Any CPU
	EndGlobalSection
	GlobalSection(ProjectConfigurationPlatforms) = postSolution
		{3A1A570F-CE8F-4BD9-B1DF-4FADF8F00FAB}.Debug|Any CPU.ActiveCfg = Debug|Any CPU
		{3A1A570F-CE8F-4BD9-B1DF-4FADF8F00FAB}.Debug|Any CPU.Build.0 = Debug|Any CPU
		{3A1A570F-CE8F-4BD9-B1DF-4FADF8F00FAB}.Release|Any CPU.ActiveCfg = Release|Any CPU
		{3A1A570F-CE8F-4BD9-B1DF-4FADF8F00FAB}.Release|Any CPU.Build.0 = Release|Any CPU
		{F4E58C19-BA16-4BDA-8868-D7357B4110F3}.Debug|Any CPU.ActiveCfg = Debug|Any CPU
		{F4E58C19-BA16-4BDA-8868-D7357B4110F3}.Debug|Any CPU.Build.0 = Debug|Any CPU
		{F4E58C19-BA16-4BDA-8868-D7357B4110F3}.Release|Any CPU.ActiveCfg = Release|Any CPU
		{F4E58C19-BA16-4BDA-8868-D7357B4110F3}.Release|Any CPU.Build.0 = Release|Any CPU
		{144A2EE7-09EC-4618-BA94-6593205962C9}.Debug|Any CPU.ActiveCfg = Debug|Any CPU
		{144A2EE7-09EC-4618-BA94-6593205962C9}.Debug|Any CPU.Build.0 = Debug|Any CPU
		{144A2EE7-09EC-4618-BA94-6593205962C9}.Release|Any CPU.ActiveCfg = Release|Any CPU
		{144A2EE7-09EC-4618-BA94-6593205962C9}.Release|Any CPU.Build.0 = Release|Any CPU
		{C044A2FE-4C0C-4BA9-A340-BB45125D8610}.Debug|Any CPU.ActiveCfg = Debug|Any CPU
		{C044A2FE-4C0C-4BA9-A340-BB45125D8610}.Debug|Any CPU.Build.0 = Debug|Any CPU
		{C044A2FE-4C0C-4BA9-A340-BB45125D8610}.Release|Any CPU.ActiveCfg = Release|Any CPU
		{C044A2FE-4C0C-4BA9-A340-BB45125D8610}.Release|Any CPU.Build.0 = Release|Any CPU
		{0260AB9E-DA99-4A57-ABF1-D772A9F504A4}.Debug|Any CPU.ActiveCfg = Debug|Any CPU
		{0260AB9E-DA99-4A57-ABF1-D772A9F504A4}.Debug|Any CPU.Build.0 = Debug|Any CPU
		{0260AB9E-DA99-4A57-ABF1-D772A9F504A4}.Release|Any CPU.ActiveCfg = Release|Any CPU
		{0260AB9E-DA99-4A57-ABF1-D772A9F504A4}.Release|Any CPU.Build.0 = Release|Any CPU
		{4BE8E0D1-77A4-4BAF-B761-156A52850D75}.Debug|Any CPU.ActiveCfg = Debug|Any CPU
		{4BE8E0D1-77A4-4BAF-B761-156A52850D75}.Debug|Any CPU.Build.0 = Debug|Any CPU
		{4BE8E0D1-77A4-4BAF-B761-156A52850D75}.Release|Any CPU.ActiveCfg = Release|Any CPU
		{4BE8E0D1-77A4-4BAF-B761-156A52850D75}.Release|Any CPU.Build.0 = Release|Any CPU
		{B8771C6D-31D7-4F6D-81AF-F6BD4FA5B975}.Debug|Any CPU.ActiveCfg = Debug|Any CPU
		{B8771C6D-31D7-4F6D-81AF-F6BD4FA5B975}.Debug|Any CPU.Build.0 = Debug|Any CPU
		{B8771C6D-31D7-4F6D-81AF-F6BD4FA5B975}.Release|Any CPU.ActiveCfg = Release|Any CPU
		{B8771C6D-31D7-4F6D-81AF-F6BD4FA5B975}.Release|Any CPU.Build.0 = Release|Any CPU
		{B01097B8-8A7A-4B26-B034-4C5920999A21}.Debug|Any CPU.ActiveCfg = Debug|Any CPU
		{B01097B8-8A7A-4B26-B034-4C5920999A21}.Debug|Any CPU.Build.0 = Debug|Any CPU
		{B01097B8-8A7A-4B26-B034-4C5920999A21}.Release|Any CPU.ActiveCfg = Release|Any CPU
		{B01097B8-8A7A-4B26-B034-4C5920999A21}.Release|Any CPU.Build.0 = Release|Any CPU
		{126272EA-7DC6-44BA-A727-96EA8671E9AD}.Debug|Any CPU.ActiveCfg = Debug|Any CPU
		{126272EA-7DC6-44BA-A727-96EA8671E9AD}.Debug|Any CPU.Build.0 = Debug|Any CPU
		{126272EA-7DC6-44BA-A727-96EA8671E9AD}.Release|Any CPU.ActiveCfg = Release|Any CPU
		{126272EA-7DC6-44BA-A727-96EA8671E9AD}.Release|Any CPU.Build.0 = Release|Any CPU
		{1E142B5D-AEAC-4F2B-91A9-42CB21CADAFB}.Debug|Any CPU.ActiveCfg = Debug|Any CPU
		{1E142B5D-AEAC-4F2B-91A9-42CB21CADAFB}.Debug|Any CPU.Build.0 = Debug|Any CPU
		{1E142B5D-AEAC-4F2B-91A9-42CB21CADAFB}.Release|Any CPU.ActiveCfg = Release|Any CPU
		{1E142B5D-AEAC-4F2B-91A9-42CB21CADAFB}.Release|Any CPU.Build.0 = Release|Any CPU
		{862AA833-EE26-4D02-A54D-3AAFBB18EB35}.Debug|Any CPU.ActiveCfg = Debug
		{862AA833-EE26-4D02-A54D-3AAFBB18EB35}.Release|Any CPU.ActiveCfg = Release
	EndGlobalSection
	GlobalSection(SolutionProperties) = preSolution
		HideSolutionNode = FALSE
	EndGlobalSection
	GlobalSection(ExtensibilityGlobals) = postSolution
		SolutionGuid = {77B44A9A-F16D-4074-AF29-ADC11503B253}
	EndGlobalSection
EndGlobal
